// !$*UTF8*$!
{
	archiveVersion = 1;
	classes = {
	};
	objectVersion = 46;
	objects = {

/* Begin PBXBuildFile section */
		C6F5B8F01D0D9E8100874F8C /* AppDelegate.swift in Sources */ = {isa = PBXBuildFile; fileRef = C6F5B8EF1D0D9E8100874F8C /* AppDelegate.swift */; };
		C6F5B8F21D0D9E8100874F8C /* ViewController.swift in Sources */ = {isa = PBXBuildFile; fileRef = C6F5B8F11D0D9E8100874F8C /* ViewController.swift */; };
		C6F5B8F51D0D9E8100874F8C /* Main.storyboard in Resources */ = {isa = PBXBuildFile; fileRef = C6F5B8F31D0D9E8100874F8C /* Main.storyboard */; };
		C6F5B8F81D0D9E8100874F8C /* WeatherAppTake3.xcdatamodeld in Sources */ = {isa = PBXBuildFile; fileRef = C6F5B8F61D0D9E8100874F8C /* WeatherAppTake3.xcdatamodeld */; };
		C6F5B8FA1D0D9E8100874F8C /* Assets.xcassets in Resources */ = {isa = PBXBuildFile; fileRef = C6F5B8F91D0D9E8100874F8C /* Assets.xcassets */; };
		C6F5B8FD1D0D9E8100874F8C /* LaunchScreen.storyboard in Resources */ = {isa = PBXBuildFile; fileRef = C6F5B8FB1D0D9E8100874F8C /* LaunchScreen.storyboard */; };
		C6F5B9081D0D9E8100874F8C /* WeatherAppTake3Tests.swift in Sources */ = {isa = PBXBuildFile; fileRef = C6F5B9071D0D9E8100874F8C /* WeatherAppTake3Tests.swift */; };
		C6F5B9131D0D9E8100874F8C /* WeatherAppTake3UITests.swift in Sources */ = {isa = PBXBuildFile; fileRef = C6F5B9121D0D9E8100874F8C /* WeatherAppTake3UITests.swift */; };
		C6F5B9211D0DA24A00874F8C /* WeatherGetter.swift in Sources */ = {isa = PBXBuildFile; fileRef = C6F5B9201D0DA24A00874F8C /* WeatherGetter.swift */; };
		C6F5B9231D0DB0DC00874F8C /* Weather.swift in Sources */ = {isa = PBXBuildFile; fileRef = C6F5B9221D0DB0DC00874F8C /* Weather.swift */; };
/* End PBXBuildFile section */

/* Begin PBXContainerItemProxy section */
		C6F5B9041D0D9E8100874F8C /* PBXContainerItemProxy */ = {
			isa = PBXContainerItemProxy;
			containerPortal = C6F5B8E41D0D9E8100874F8C /* Project object */;
			proxyType = 1;
			remoteGlobalIDString = C6F5B8EB1D0D9E8100874F8C;
			remoteInfo = WeatherAppTake3;
		};
		C6F5B90F1D0D9E8100874F8C /* PBXContainerItemProxy */ = {
			isa = PBXContainerItemProxy;
			containerPortal = C6F5B8E41D0D9E8100874F8C /* Project object */;
			proxyType = 1;
			remoteGlobalIDString = C6F5B8EB1D0D9E8100874F8C;
			remoteInfo = WeatherAppTake3;
		};
/* End PBXContainerItemProxy section */

/* Begin PBXFileReference section */
		C6F5B8EC1D0D9E8100874F8C /* WeatherAppTake3.app */ = {isa = PBXFileReference; explicitFileType = wrapper.application; includeInIndex = 0; path = WeatherAppTake3.app; sourceTree = BUILT_PRODUCTS_DIR; };
		C6F5B8EF1D0D9E8100874F8C /* AppDelegate.swift */ = {isa = PBXFileReference; lastKnownFileType = sourcecode.swift; path = AppDelegate.swift; sourceTree = "<group>"; };
		C6F5B8F11D0D9E8100874F8C /* ViewController.swift */ = {isa = PBXFileReference; lastKnownFileType = sourcecode.swift; path = ViewController.swift; sourceTree = "<group>"; };
		C6F5B8F41D0D9E8100874F8C /* Base */ = {isa = PBXFileReference; lastKnownFileType = file.storyboard; name = Base; path = Base.lproj/Main.storyboard; sourceTree = "<group>"; };
		C6F5B8F71D0D9E8100874F8C /* WeatherAppTake3.xcdatamodel */ = {isa = PBXFileReference; lastKnownFileType = wrapper.xcdatamodel; path = WeatherAppTake3.xcdatamodel; sourceTree = "<group>"; };
		C6F5B8F91D0D9E8100874F8C /* Assets.xcassets */ = {isa = PBXFileReference; lastKnownFileType = folder.assetcatalog; path = Assets.xcassets; sourceTree = "<group>"; };
		C6F5B8FC1D0D9E8100874F8C /* Base */ = {isa = PBXFileReference; lastKnownFileType = file.storyboard; name = Base; path = Base.lproj/LaunchScreen.storyboard; sourceTree = "<group>"; };
		C6F5B8FE1D0D9E8100874F8C /* Info.plist */ = {isa = PBXFileReference; lastKnownFileType = text.plist.xml; path = Info.plist; sourceTree = "<group>"; };
		C6F5B9031D0D9E8100874F8C /* WeatherAppTake3Tests.xctest */ = {isa = PBXFileReference; explicitFileType = wrapper.cfbundle; includeInIndex = 0; path = WeatherAppTake3Tests.xctest; sourceTree = BUILT_PRODUCTS_DIR; };
		C6F5B9071D0D9E8100874F8C /* WeatherAppTake3Tests.swift */ = {isa = PBXFileReference; lastKnownFileType = sourcecode.swift; path = WeatherAppTake3Tests.swift; sourceTree = "<group>"; };
		C6F5B9091D0D9E8100874F8C /* Info.plist */ = {isa = PBXFileReference; lastKnownFileType = text.plist.xml; path = Info.plist; sourceTree = "<group>"; };
		C6F5B90E1D0D9E8100874F8C /* WeatherAppTake3UITests.xctest */ = {isa = PBXFileReference; explicitFileType = wrapper.cfbundle; includeInIndex = 0; path = WeatherAppTake3UITests.xctest; sourceTree = BUILT_PRODUCTS_DIR; };
		C6F5B9121D0D9E8100874F8C /* WeatherAppTake3UITests.swift */ = {isa = PBXFileReference; lastKnownFileType = sourcecode.swift; path = WeatherAppTake3UITests.swift; sourceTree = "<group>"; };
		C6F5B9141D0D9E8100874F8C /* Info.plist */ = {isa = PBXFileReference; lastKnownFileType = text.plist.xml; path = Info.plist; sourceTree = "<group>"; };
		C6F5B9201D0DA24A00874F8C /* WeatherGetter.swift */ = {isa = PBXFileReference; fileEncoding = 4; lastKnownFileType = sourcecode.swift; path = WeatherGetter.swift; sourceTree = "<group>"; };
		C6F5B9221D0DB0DC00874F8C /* Weather.swift */ = {isa = PBXFileReference; fileEncoding = 4; lastKnownFileType = sourcecode.swift; name = Weather.swift; path = ../Weather.swift; sourceTree = "<group>"; };
/* End PBXFileReference section */

/* Begin PBXFrameworksBuildPhase section */
		C6F5B8E91D0D9E8100874F8C /* Frameworks */ = {
			isa = PBXFrameworksBuildPhase;
			buildActionMask = 2147483647;
			files = (
			);
			runOnlyForDeploymentPostprocessing = 0;
		};
		C6F5B9001D0D9E8100874F8C /* Frameworks */ = {
			isa = PBXFrameworksBuildPhase;
			buildActionMask = 2147483647;
			files = (
			);
			runOnlyForDeploymentPostprocessing = 0;
		};
		C6F5B90B1D0D9E8100874F8C /* Frameworks */ = {
			isa = PBXFrameworksBuildPhase;
			buildActionMask = 2147483647;
			files = (
			);
			runOnlyForDeploymentPostprocessing = 0;
		};
/* End PBXFrameworksBuildPhase section */

/* Begin PBXGroup section */
		C6F5B8E31D0D9E8100874F8C = {
			isa = PBXGroup;
			children = (
				C6F5B8EE1D0D9E8100874F8C /* WeatherAppTake3 */,
				C6F5B9061D0D9E8100874F8C /* WeatherAppTake3Tests */,
				C6F5B9111D0D9E8100874F8C /* WeatherAppTake3UITests */,
				C6F5B8ED1D0D9E8100874F8C /* Products */,
			);
			sourceTree = "<group>";
		};
		C6F5B8ED1D0D9E8100874F8C /* Products */ = {
			isa = PBXGroup;
			children = (
				C6F5B8EC1D0D9E8100874F8C /* WeatherAppTake3.app */,
				C6F5B9031D0D9E8100874F8C /* WeatherAppTake3Tests.xctest */,
				C6F5B90E1D0D9E8100874F8C /* WeatherAppTake3UITests.xctest */,
			);
			name = Products;
			sourceTree = "<group>";
		};
		C6F5B8EE1D0D9E8100874F8C /* WeatherAppTake3 */ = {
			isa = PBXGroup;
			children = (
				C6F5B9221D0DB0DC00874F8C /* Weather.swift */,
				C6F5B8EF1D0D9E8100874F8C /* AppDelegate.swift */,
				C6F5B8F11D0D9E8100874F8C /* ViewController.swift */,
				C6F5B8F31D0D9E8100874F8C /* Main.storyboard */,
				C6F5B9201D0DA24A00874F8C /* WeatherGetter.swift */,
				C6F5B8F91D0D9E8100874F8C /* Assets.xcassets */,
				C6F5B8FB1D0D9E8100874F8C /* LaunchScreen.storyboard */,
				C6F5B8FE1D0D9E8100874F8C /* Info.plist */,
				C6F5B8F61D0D9E8100874F8C /* WeatherAppTake3.xcdatamodeld */,
			);
			path = WeatherAppTake3;
			sourceTree = "<group>";
		};
		C6F5B9061D0D9E8100874F8C /* WeatherAppTake3Tests */ = {
			isa = PBXGroup;
			children = (
				C6F5B9071D0D9E8100874F8C /* WeatherAppTake3Tests.swift */,
				C6F5B9091D0D9E8100874F8C /* Info.plist */,
			);
			path = WeatherAppTake3Tests;
			sourceTree = "<group>";
		};
		C6F5B9111D0D9E8100874F8C /* WeatherAppTake3UITests */ = {
			isa = PBXGroup;
			children = (
				C6F5B9121D0D9E8100874F8C /* WeatherAppTake3UITests.swift */,
				C6F5B9141D0D9E8100874F8C /* Info.plist */,
			);
			path = WeatherAppTake3UITests;
			sourceTree = "<group>";
		};
/* End PBXGroup section */

/* Begin PBXNativeTarget section */
		C6F5B8EB1D0D9E8100874F8C /* WeatherAppTake3 */ = {
			isa = PBXNativeTarget;
			buildConfigurationList = C6F5B9171D0D9E8100874F8C /* Build configuration list for PBXNativeTarget "WeatherAppTake3" */;
			buildPhases = (
				C6F5B8E81D0D9E8100874F8C /* Sources */,
				C6F5B8E91D0D9E8100874F8C /* Frameworks */,
				C6F5B8EA1D0D9E8100874F8C /* Resources */,
			);
			buildRules = (
			);
			dependencies = (
			);
			name = WeatherAppTake3;
			productName = WeatherAppTake3;
			productReference = C6F5B8EC1D0D9E8100874F8C /* WeatherAppTake3.app */;
			productType = "com.apple.product-type.application";
		};
		C6F5B9021D0D9E8100874F8C /* WeatherAppTake3Tests */ = {
			isa = PBXNativeTarget;
			buildConfigurationList = C6F5B91A1D0D9E8100874F8C /* Build configuration list for PBXNativeTarget "WeatherAppTake3Tests" */;
			buildPhases = (
				C6F5B8FF1D0D9E8100874F8C /* Sources */,
				C6F5B9001D0D9E8100874F8C /* Frameworks */,
				C6F5B9011D0D9E8100874F8C /* Resources */,
			);
			buildRules = (
			);
			dependencies = (
				C6F5B9051D0D9E8100874F8C /* PBXTargetDependency */,
			);
			name = WeatherAppTake3Tests;
			productName = WeatherAppTake3Tests;
			productReference = C6F5B9031D0D9E8100874F8C /* WeatherAppTake3Tests.xctest */;
			productType = "com.apple.product-type.bundle.unit-test";
		};
		C6F5B90D1D0D9E8100874F8C /* WeatherAppTake3UITests */ = {
			isa = PBXNativeTarget;
			buildConfigurationList = C6F5B91D1D0D9E8100874F8C /* Build configuration list for PBXNativeTarget "WeatherAppTake3UITests" */;
			buildPhases = (
				C6F5B90A1D0D9E8100874F8C /* Sources */,
				C6F5B90B1D0D9E8100874F8C /* Frameworks */,
				C6F5B90C1D0D9E8100874F8C /* Resources */,
			);
			buildRules = (
			);
			dependencies = (
				C6F5B9101D0D9E8100874F8C /* PBXTargetDependency */,
			);
			name = WeatherAppTake3UITests;
			productName = WeatherAppTake3UITests;
			productReference = C6F5B90E1D0D9E8100874F8C /* WeatherAppTake3UITests.xctest */;
			productType = "com.apple.product-type.bundle.ui-testing";
		};
/* End PBXNativeTarget section */

/* Begin PBXProject section */
		C6F5B8E41D0D9E8100874F8C /* Project object */ = {
			isa = PBXProject;
			attributes = {
				LastSwiftUpdateCheck = 0720;
				LastUpgradeCheck = 0720;
				ORGANIZATIONNAME = "Paige Walters";
				TargetAttributes = {
					C6F5B8EB1D0D9E8100874F8C = {
						CreatedOnToolsVersion = 7.2;
					};
					C6F5B9021D0D9E8100874F8C = {
						CreatedOnToolsVersion = 7.2;
						TestTargetID = C6F5B8EB1D0D9E8100874F8C;
					};
					C6F5B90D1D0D9E8100874F8C = {
						CreatedOnToolsVersion = 7.2;
						TestTargetID = C6F5B8EB1D0D9E8100874F8C;
					};
				};
			};
			buildConfigurationList = C6F5B8E71D0D9E8100874F8C /* Build configuration list for PBXProject "WeatherAppTake3" */;
			compatibilityVersion = "Xcode 3.2";
			developmentRegion = English;
			hasScannedForEncodings = 0;
			knownRegions = (
				en,
				Base,
			);
			mainGroup = C6F5B8E31D0D9E8100874F8C;
			productRefGroup = C6F5B8ED1D0D9E8100874F8C /* Products */;
			projectDirPath = "";
			projectRoot = "";
			targets = (
				C6F5B8EB1D0D9E8100874F8C /* WeatherAppTake3 */,
				C6F5B9021D0D9E8100874F8C /* WeatherAppTake3Tests */,
				C6F5B90D1D0D9E8100874F8C /* WeatherAppTake3UITests */,
			);
		};
/* End PBXProject section */

/* Begin PBXResourcesBuildPhase section */
		C6F5B8EA1D0D9E8100874F8C /* Resources */ = {
			isa = PBXResourcesBuildPhase;
			buildActionMask = 2147483647;
			files = (
				C6F5B8FD1D0D9E8100874F8C /* LaunchScreen.storyboard in Resources */,
				C6F5B8FA1D0D9E8100874F8C /* Assets.xcassets in Resources */,
				C6F5B8F51D0D9E8100874F8C /* Main.storyboard in Resources */,
			);
			runOnlyForDeploymentPostprocessing = 0;
		};
		C6F5B9011D0D9E8100874F8C /* Resources */ = {
			isa = PBXResourcesBuildPhase;
			buildActionMask = 2147483647;
			files = (
			);
			runOnlyForDeploymentPostprocessing = 0;
		};
		C6F5B90C1D0D9E8100874F8C /* Resources */ = {
			isa = PBXResourcesBuildPhase;
			buildActionMask = 2147483647;
			files = (
			);
			runOnlyForDeploymentPostprocessing = 0;
		};
/* End PBXResourcesBuildPhase section */

/* Begin PBXSourcesBuildPhase section */
		C6F5B8E81D0D9E8100874F8C /* Sources */ = {
			isa = PBXSourcesBuildPhase;
			buildActionMask = 2147483647;
			files = (
				C6F5B8F21D0D9E8100874F8C /* ViewController.swift in Sources */,
				C6F5B9211D0DA24A00874F8C /* WeatherGetter.swift in Sources */,
				C6F5B8F81D0D9E8100874F8C /* WeatherAppTake3.xcdatamodeld in Sources */,
				C6F5B8F01D0D9E8100874F8C /* AppDelegate.swift in Sources */,
				C6F5B9231D0DB0DC00874F8C /* Weather.swift in Sources */,
			);
			runOnlyForDeploymentPostprocessing = 0;
		};
		C6F5B8FF1D0D9E8100874F8C /* Sources */ = {
			isa = PBXSourcesBuildPhase;
			buildActionMask = 2147483647;
			files = (
				C6F5B9081D0D9E8100874F8C /* WeatherAppTake3Tests.swift in Sources */,
			);
			runOnlyForDeploymentPostprocessing = 0;
		};
		C6F5B90A1D0D9E8100874F8C /* Sources */ = {
			isa = PBXSourcesBuildPhase;
			buildActionMask = 2147483647;
			files = (
				C6F5B9131D0D9E8100874F8C /* WeatherAppTake3UITests.swift in Sources */,
			);
			runOnlyForDeploymentPostprocessing = 0;
		};
/* End PBXSourcesBuildPhase section */

/* Begin PBXTargetDependency section */
		C6F5B9051D0D9E8100874F8C /* PBXTargetDependency */ = {
			isa = PBXTargetDependency;
			target = C6F5B8EB1D0D9E8100874F8C /* WeatherAppTake3 */;
			targetProxy = C6F5B9041D0D9E8100874F8C /* PBXContainerItemProxy */;
		};
		C6F5B9101D0D9E8100874F8C /* PBXTargetDependency */ = {
			isa = PBXTargetDependency;
			target = C6F5B8EB1D0D9E8100874F8C /* WeatherAppTake3 */;
			targetProxy = C6F5B90F1D0D9E8100874F8C /* PBXContainerItemProxy */;
		};
/* End PBXTargetDependency section */

/* Begin PBXVariantGroup section */
		C6F5B8F31D0D9E8100874F8C /* Main.storyboard */ = {
			isa = PBXVariantGroup;
			children = (
				C6F5B8F41D0D9E8100874F8C /* Base */,
			);
			name = Main.storyboard;
			sourceTree = "<group>";
		};
		C6F5B8FB1D0D9E8100874F8C /* LaunchScreen.storyboard */ = {
			isa = PBXVariantGroup;
			children = (
				C6F5B8FC1D0D9E8100874F8C /* Base */,
			);
			name = LaunchScreen.storyboard;
			sourceTree = "<group>";
		};
/* End PBXVariantGroup section */

/* Begin XCBuildConfiguration section */
		C6F5B9151D0D9E8100874F8C /* Debug */ = {
			isa = XCBuildConfiguration;
			buildSettings = {
				ALWAYS_SEARCH_USER_PATHS = NO;
				CLANG_CXX_LANGUAGE_STANDARD = "gnu++0x";
				CLANG_CXX_LIBRARY = "libc++";
				CLANG_ENABLE_MODULES = YES;
				CLANG_ENABLE_OBJC_ARC = YES;
				CLANG_WARN_BOOL_CONVERSION = YES;
				CLANG_WARN_CONSTANT_CONVERSION = YES;
				CLANG_WARN_DIRECT_OBJC_ISA_USAGE = YES_ERROR;
				CLANG_WARN_EMPTY_BODY = YES;
				CLANG_WARN_ENUM_CONVERSION = YES;
				CLANG_WARN_INT_CONVERSION = YES;
				CLANG_WARN_OBJC_ROOT_CLASS = YES_ERROR;
				CLANG_WARN_UNREACHABLE_CODE = YES;
				CLANG_WARN__DUPLICATE_METHOD_MATCH = YES;
				"CODE_SIGN_IDENTITY[sdk=iphoneos*]" = "iPhone Developer";
				COPY_PHASE_STRIP = NO;
				DEBUG_INFORMATION_FORMAT = dwarf;
				ENABLE_STRICT_OBJC_MSGSEND = YES;
				ENABLE_TESTABILITY = YES;
				GCC_C_LANGUAGE_STANDARD = gnu99;
				GCC_DYNAMIC_NO_PIC = NO;
				GCC_NO_COMMON_BLOCKS = YES;
				GCC_OPTIMIZATION_LEVEL = 0;
				GCC_PREPROCESSOR_DEFINITIONS = (
					"DEBUG=1",
					"$(inherited)",
				);
				GCC_WARN_64_TO_32_BIT_CONVERSION = YES;
				GCC_WARN_ABOUT_RETURN_TYPE = YES_ERROR;
				GCC_WARN_UNDECLARED_SELECTOR = YES;
				GCC_WARN_UNINITIALIZED_AUTOS = YES_AGGRESSIVE;
				GCC_WARN_UNUSED_FUNCTION = YES;
				GCC_WARN_UNUSED_VARIABLE = YES;
				IPHONEOS_DEPLOYMENT_TARGET = 9.2;
				MTL_ENABLE_DEBUG_INFO = YES;
				ONLY_ACTIVE_ARCH = YES;
				SDKROOT = iphoneos;
				SWIFT_OPTIMIZATION_LEVEL = "-Onone";
				TARGETED_DEVICE_FAMILY = "1,2";
			};
			name = Debug;
		};
		C6F5B9161D0D9E8100874F8C /* Release */ = {
			isa = XCBuildConfiguration;
			buildSettings = {
				ALWAYS_SEARCH_USER_PATHS = NO;
				CLANG_CXX_LANGUAGE_STANDARD = "gnu++0x";
				CLANG_CXX_LIBRARY = "libc++";
				CLANG_ENABLE_MODULES = YES;
				CLANG_ENABLE_OBJC_ARC = YES;
				CLANG_WARN_BOOL_CONVERSION = YES;
				CLANG_WARN_CONSTANT_CONVERSION = YES;
				CLANG_WARN_DIRECT_OBJC_ISA_USAGE = YES_ERROR;
				CLANG_WARN_EMPTY_BODY = YES;
				CLANG_WARN_ENUM_CONVERSION = YES;
				CLANG_WARN_INT_CONVERSION = YES;
				CLANG_WARN_OBJC_ROOT_CLASS = YES_ERROR;
				CLANG_WARN_UNREACHABLE_CODE = YES;
				CLANG_WARN__DUPLICATE_METHOD_MATCH = YES;
				"CODE_SIGN_IDENTITY[sdk=iphoneos*]" = "iPhone Developer";
				COPY_PHASE_STRIP = NO;
				DEBUG_INFORMATION_FORMAT = "dwarf-with-dsym";
				ENABLE_NS_ASSERTIONS = NO;
				ENABLE_STRICT_OBJC_MSGSEND = YES;
				GCC_C_LANGUAGE_STANDARD = gnu99;
				GCC_NO_COMMON_BLOCKS = YES;
				GCC_WARN_64_TO_32_BIT_CONVERSION = YES;
				GCC_WARN_ABOUT_RETURN_TYPE = YES_ERROR;
				GCC_WARN_UNDECLARED_SELECTOR = YES;
				GCC_WARN_UNINITIALIZED_AUTOS = YES_AGGRESSIVE;
				GCC_WARN_UNUSED_FUNCTION = YES;
				GCC_WARN_UNUSED_VARIABLE = YES;
				IPHONEOS_DEPLOYMENT_TARGET = 9.2;
				MTL_ENABLE_DEBUG_INFO = NO;
				SDKROOT = iphoneos;
				TARGETED_DEVICE_FAMILY = "1,2";
				VALIDATE_PRODUCT = YES;
			};
			name = Release;
		};
		C6F5B9181D0D9E8100874F8C /* Debug */ = {
			isa = XCBuildConfiguration;
			buildSettings = {
				ASSETCATALOG_COMPILER_APPICON_NAME = AppIcon;
				INFOPLIST_FILE = WeatherAppTake3/Info.plist;
				LD_RUNPATH_SEARCH_PATHS = "$(inherited) @executable_path/Frameworks";
				PRODUCT_BUNDLE_IDENTIFIER = paigewalters.WeatherAppTake3;
				PRODUCT_NAME = "$(TARGET_NAME)";
			};
			name = Debug;
		};
		C6F5B9191D0D9E8100874F8C /* Release */ = {
			isa = XCBuildConfiguration;
			buildSettings = {
				ASSETCATALOG_COMPILER_APPICON_NAME = AppIcon;
				INFOPLIST_FILE = WeatherAppTake3/Info.plist;
				LD_RUNPATH_SEARCH_PATHS = "$(inherited) @executable_path/Frameworks";
				PRODUCT_BUNDLE_IDENTIFIER = paigewalters.WeatherAppTake3;
				PRODUCT_NAME = "$(TARGET_NAME)";
			};
			name = Release;
		};
		C6F5B91B1D0D9E8100874F8C /* Debug */ = {
			isa = XCBuildConfiguration;
			buildSettings = {
				BUNDLE_LOADER = "$(TEST_HOST)";
				INFOPLIST_FILE = WeatherAppTake3Tests/Info.plist;
				LD_RUNPATH_SEARCH_PATHS = "$(inherited) @executable_path/Frameworks @loader_path/Frameworks";
				PRODUCT_BUNDLE_IDENTIFIER = paigewalters.WeatherAppTake3Tests;
				PRODUCT_NAME = "$(TARGET_NAME)";
				TEST_HOST = "$(BUILT_PRODUCTS_DIR)/WeatherAppTake3.app/WeatherAppTake3";
			};
			name = Debug;
		};
		C6F5B91C1D0D9E8100874F8C /* Release */ = {
			isa = XCBuildConfiguration;
			buildSettings = {
				BUNDLE_LOADER = "$(TEST_HOST)";
				INFOPLIST_FILE = WeatherAppTake3Tests/Info.plist;
				LD_RUNPATH_SEARCH_PATHS = "$(inherited) @executable_path/Frameworks @loader_path/Frameworks";
				PRODUCT_BUNDLE_IDENTIFIER = paigewalters.WeatherAppTake3Tests;
				PRODUCT_NAME = "$(TARGET_NAME)";
				TEST_HOST = "$(BUILT_PRODUCTS_DIR)/WeatherAppTake3.app/WeatherAppTake3";
			};
			name = Release;
		};
		C6F5B91E1D0D9E8100874F8C /* Debug */ = {
			isa = XCBuildConfiguration;
			buildSettings = {
				INFOPLIST_FILE = WeatherAppTake3UITests/Info.plist;
				LD_RUNPATH_SEARCH_PATHS = "$(inherited) @executable_path/Frameworks @loader_path/Frameworks";
				PRODUCT_BUNDLE_IDENTIFIER = paigewalters.WeatherAppTake3UITests;
				PRODUCT_NAME = "$(TARGET_NAME)";
				TEST_TARGET_NAME = WeatherAppTake3;
				USES_XCTRUNNER = YES;
			};
			name = Debug;
		};
		C6F5B91F1D0D9E8100874F8C /* Release */ = {
			isa = XCBuildConfiguration;
			buildSettings = {
				INFOPLIST_FILE = WeatherAppTake3UITests/Info.plist;
				LD_RUNPATH_SEARCH_PATHS = "$(inherited) @executable_path/Frameworks @loader_path/Frameworks";
				PRODUCT_BUNDLE_IDENTIFIER = paigewalters.WeatherAppTake3UITests;
				PRODUCT_NAME = "$(TARGET_NAME)";
				TEST_TARGET_NAME = WeatherAppTake3;
				USES_XCTRUNNER = YES;
			};
			name = Release;
		};
/* End XCBuildConfiguration section */

/* Begin XCConfigurationList section */
		C6F5B8E71D0D9E8100874F8C /* Build configuration list for PBXProject "WeatherAppTake3" */ = {
			isa = XCConfigurationList;
			buildConfigurations = (
				C6F5B9151D0D9E8100874F8C /* Debug */,
				C6F5B9161D0D9E8100874F8C /* Release */,
			);
			defaultConfigurationIsVisible = 0;
			defaultConfigurationName = Release;
		};
		C6F5B9171D0D9E8100874F8C /* Build configuration list for PBXNativeTarget "WeatherAppTake3" */ = {
			isa = XCConfigurationList;
			buildConfigurations = (
				C6F5B9181D0D9E8100874F8C /* Debug */,
				C6F5B9191D0D9E8100874F8C /* Release */,
			);
			defaultConfigurationIsVisible = 0;
		};
		C6F5B91A1D0D9E8100874F8C /* Build configuration list for PBXNativeTarget "WeatherAppTake3Tests" */ = {
			isa = XCConfigurationList;
			buildConfigurations = (
				C6F5B91B1D0D9E8100874F8C /* Debug */,
				C6F5B91C1D0D9E8100874F8C /* Release */,
			);
			defaultConfigurationIsVisible = 0;
		};
		C6F5B91D1D0D9E8100874F8C /* Build configuration list for PBXNativeTarget "WeatherAppTake3UITests" */ = {
			isa = XCConfigurationList;
			buildConfigurations = (
				C6F5B91E1D0D9E8100874F8C /* Debug */,
				C6F5B91F1D0D9E8100874F8C /* Release */,
			);
			defaultConfigurationIsVisible = 0;
		};
/* End XCConfigurationList section */

/* Begin XCVersionGroup section */
		C6F5B8F61D0D9E8100874F8C /* WeatherAppTake3.xcdatamodeld */ = {
			isa = XCVersionGroup;
			children = (
				C6F5B8F71D0D9E8100874F8C /* WeatherAppTake3.xcdatamodel */,
			);
			currentVersion = C6F5B8F71D0D9E8100874F8C /* WeatherAppTake3.xcdatamodel */;
			path = WeatherAppTake3.xcdatamodeld;
			sourceTree = "<group>";
			versionGroupType = wrapper.xcdatamodel;
		};
/* End XCVersionGroup section */
	};
	rootObject = C6F5B8E41D0D9E8100874F8C /* Project object */;
}
